{
  "name": "zenn-content",
  "version": "1.0.0",
  "lockfileVersion": 3,
  "requires": true,
  "packages": {
    "": {
      "name": "zenn-content",
      "version": "1.0.0",
      "license": "ISC",
      "dependencies": {
        "zenn-cli": "^0.1.155"
      }
    },
    "node_modules/zenn-cli": {
      "version": "0.1.155",
      "resolved": "https://registry.npmjs.org/zenn-cli/-/zenn-cli-0.1.155.tgz",
      "integrity": "sha512-PqxeLWVrqSrGGPaMiNM5myJcbmXHh/Ur6EhzLkezrDZa5uJe1jfD6COVEnCtRf86Y5P0qy5bejXifSTNdDmqOA==",
      "license": "MIT",
      "bin": {
        "zenn": "dist/server/zenn.js"
      },
      "engines": {
        "node": ">=14.0.0"
      }
    }
  }
}
