{
  "name": "zenn-content",
  "version": "1.0.0",
  "lockfileVersion": 1,
  "requires": true,
  "dependencies": {
    "zenn-cli": {
      "version": "0.1.132",
      "resolved": "https://registry.npmjs.org/zenn-cli/-/zenn-cli-0.1.132.tgz",
      "integrity": "sha512-5u4EZwIdtiVZCK8H4PdxcN86NeXz/toIvYX2q2Os1gowkDMi+Bxi/gq+SZKJ53EnTCe2njR0yLFYMXOS5S6a2Q=="
    }
  }
}
